
Microsoft Visual Studio Solution File, Format Version 12.00
# Visual Studio Version 17
VisualStudioVersion = 17.2.32526.322
MinimumVisualStudioVersion = 10.0.40219.1
Project("{FAE04EC0-301F-11D3-BF4B-00C04F79EFBC}") = "innovateKUYS", "innovateKUYS\innovateKUYS.csproj", "{CC1E22A9-89AF-48DD-B46B-1D0F5E903218}"
EndProject
Global
	GlobalSection(SolutionConfigurationPlatforms) = preSolution
		Debug|Any CPU = Debug|Any CPU
		Release|Any CPU = Release|Any CPU
	EndGlobalSection
	GlobalSection(ProjectConfigurationPlatforms) = postSolution
		{CC1E22A9-89AF-48DD-B46B-1D0F5E903218}.Debug|Any CPU.ActiveCfg = Debug|Any CPU
		{CC1E22A9-89AF-48DD-B46B-1D0F5E903218}.Debug|Any CPU.Build.0 = Debug|Any CPU
		{CC1E22A9-89AF-48DD-B46B-1D0F5E903218}.Release|Any CPU.ActiveCfg = Release|Any CPU
		{CC1E22A9-89AF-48DD-B46B-1D0F5E903218}.Release|Any CPU.Build.0 = Release|Any CPU
	EndGlobalSection
	GlobalSection(SolutionProperties) = preSolution
		HideSolutionNode = FALSE
	EndGlobalSection
	GlobalSection(ExtensibilityGlobals) = postSolution
		SolutionGuid = {307735A5-2A39-467F-8986-A488978B8229}
	EndGlobalSection
EndGlobal
